
Microsoft Visual Studio Solution File, Format Version 12.00
# Visual Studio 15
VisualStudioVersion = 15.0.26124.0
MinimumVisualStudioVersion = 15.0.26124.0
Project("{FAE04EC0-301F-11D3-BF4B-00C04F79EFBC}") = "conApp", "conApp\conApp.csproj", "{BD50CA61-0733-4676-B906-2165CAE05FC8}"
EndProject
Project("{FAE04EC0-301F-11D3-BF4B-00C04F79EFBC}") = "fizzBuzzLib", "fizzBuzzLib\fizzBuzzLib.csproj", "{9C7D3057-170B-45B2-8353-1AFD38656FD1}"
EndProject
Project("{FAE04EC0-301F-11D3-BF4B-00C04F79EFBC}") = "fizzBuzzLib.Test", "fizzBuzzLib.Test\fizzBuzzLib.Test.csproj", "{D3AB6592-D8F2-4945-A252-715FA4D408B6}"
EndProject
Global
	GlobalSection(SolutionConfigurationPlatforms) = preSolution
		Debug|Any CPU = Debug|Any CPU
		Debug|x64 = Debug|x64
		Debug|x86 = Debug|x86
		Release|Any CPU = Release|Any CPU
		Release|x64 = Release|x64
		Release|x86 = Release|x86
	EndGlobalSection
	GlobalSection(SolutionProperties) = preSolution
		HideSolutionNode = FALSE
	EndGlobalSection
	GlobalSection(ProjectConfigurationPlatforms) = postSolution
		{BD50CA61-0733-4676-B906-2165CAE05FC8}.Debug|Any CPU.ActiveCfg = Debug|Any CPU
		{BD50CA61-0733-4676-B906-2165CAE05FC8}.Debug|Any CPU.Build.0 = Debug|Any CPU
		{BD50CA61-0733-4676-B906-2165CAE05FC8}.Debug|x64.ActiveCfg = Debug|Any CPU
		{BD50CA61-0733-4676-B906-2165CAE05FC8}.Debug|x64.Build.0 = Debug|Any CPU
		{BD50CA61-0733-4676-B906-2165CAE05FC8}.Debug|x86.ActiveCfg = Debug|Any CPU
		{BD50CA61-0733-4676-B906-2165CAE05FC8}.Debug|x86.Build.0 = Debug|Any CPU
		{BD50CA61-0733-4676-B906-2165CAE05FC8}.Release|Any CPU.ActiveCfg = Release|Any CPU
		{BD50CA61-0733-4676-B906-2165CAE05FC8}.Release|Any CPU.Build.0 = Release|Any CPU
		{BD50CA61-0733-4676-B906-2165CAE05FC8}.Release|x64.ActiveCfg = Release|Any CPU
		{BD50CA61-0733-4676-B906-2165CAE05FC8}.Release|x64.Build.0 = Release|Any CPU
		{BD50CA61-0733-4676-B906-2165CAE05FC8}.Release|x86.ActiveCfg = Release|Any CPU
		{BD50CA61-0733-4676-B906-2165CAE05FC8}.Release|x86.Build.0 = Release|Any CPU
		{9C7D3057-170B-45B2-8353-1AFD38656FD1}.Debug|Any CPU.ActiveCfg = Debug|Any CPU
		{9C7D3057-170B-45B2-8353-1AFD38656FD1}.Debug|Any CPU.Build.0 = Debug|Any CPU
		{9C7D3057-170B-45B2-8353-1AFD38656FD1}.Debug|x64.ActiveCfg = Debug|Any CPU
		{9C7D3057-170B-45B2-8353-1AFD38656FD1}.Debug|x64.Build.0 = Debug|Any CPU
		{9C7D3057-170B-45B2-8353-1AFD38656FD1}.Debug|x86.ActiveCfg = Debug|Any CPU
		{9C7D3057-170B-45B2-8353-1AFD38656FD1}.Debug|x86.Build.0 = Debug|Any CPU
		{9C7D3057-170B-45B2-8353-1AFD38656FD1}.Release|Any CPU.ActiveCfg = Release|Any CPU
		{9C7D3057-170B-45B2-8353-1AFD38656FD1}.Release|Any CPU.Build.0 = Release|Any CPU
		{9C7D3057-170B-45B2-8353-1AFD38656FD1}.Release|x64.ActiveCfg = Release|Any CPU
		{9C7D3057-170B-45B2-8353-1AFD38656FD1}.Release|x64.Build.0 = Release|Any CPU
		{9C7D3057-170B-45B2-8353-1AFD38656FD1}.Release|x86.ActiveCfg = Release|Any CPU
		{9C7D3057-170B-45B2-8353-1AFD38656FD1}.Release|x86.Build.0 = Release|Any CPU
		{D3AB6592-D8F2-4945-A252-715FA4D408B6}.Debug|Any CPU.ActiveCfg = Debug|Any CPU
		{D3AB6592-D8F2-4945-A252-715FA4D408B6}.Debug|Any CPU.Build.0 = Debug|Any CPU
		{D3AB6592-D8F2-4945-A252-715FA4D408B6}.Debug|x64.ActiveCfg = Debug|Any CPU
		{D3AB6592-D8F2-4945-A252-715FA4D408B6}.Debug|x64.Build.0 = Debug|Any CPU
		{D3AB6592-D8F2-4945-A252-715FA4D408B6}.Debug|x86.ActiveCfg = Debug|Any CPU
		{D3AB6592-D8F2-4945-A252-715FA4D408B6}.Debug|x86.Build.0 = Debug|Any CPU
		{D3AB6592-D8F2-4945-A252-715FA4D408B6}.Release|Any CPU.ActiveCfg = Release|Any CPU
		{D3AB6592-D8F2-4945-A252-715FA4D408B6}.Release|Any CPU.Build.0 = Release|Any CPU
		{D3AB6592-D8F2-4945-A252-715FA4D408B6}.Release|x64.ActiveCfg = Release|Any CPU
		{D3AB6592-D8F2-4945-A252-715FA4D408B6}.Release|x64.Build.0 = Release|Any CPU
		{D3AB6592-D8F2-4945-A252-715FA4D408B6}.Release|x86.ActiveCfg = Release|Any CPU
		{D3AB6592-D8F2-4945-A252-715FA4D408B6}.Release|x86.Build.0 = Release|Any CPU
	EndGlobalSection
EndGlobal
